
Microsoft Visual Studio Solution File, Format Version 12.00
# Visual Studio 15
VisualStudioVersion = 15.0.27130.2003
MinimumVisualStudioVersion = 10.0.40219.1
Project("{FAE04EC0-301F-11D3-BF4B-00C04F79EFBC}") = "RepositoryPattern.WebApi", "RepositoryPattern.WebApi\RepositoryPattern.WebApi.csproj", "{5F046B18-4168-4394-87F0-110CC2231631}"
EndProject
Project("{FAE04EC0-301F-11D3-BF4B-00C04F79EFBC}") = "RepositoryPattern.Domain", "RepositoryPattern.Domain\RepositoryPattern.Domain.csproj", "{12652178-3637-4531-8F98-7DE0DE3B6E93}"
EndProject
Project("{FAE04EC0-301F-11D3-BF4B-00C04F79EFBC}") = "RepositoryPattern.Infrastructure", "RepositoryPattern.Infrastructure\RepositoryPattern.Infrastructure.csproj", "{36700021-F893-451E-A639-67F1534AD37E}"
EndProject
Project("{FAE04EC0-301F-11D3-BF4B-00C04F79EFBC}") = "RepositoryPattern.Repository", "RepositoryPattern.Repository\RepositoryPattern.Repository.csproj", "{ED55A066-C946-4014-9325-4BD23D7E4E33}"
EndProject
Project("{FAE04EC0-301F-11D3-BF4B-00C04F79EFBC}") = "RepositoryPattern.Repository.Interface", "RepositoryPattern.Repository.Interface\RepositoryPattern.Repository.Interface.csproj", "{C2575B6F-D061-440C-AAA0-08DA7C2BB7A8}"
EndProject
Global
	GlobalSection(SolutionConfigurationPlatforms) = preSolution
		Debug|Any CPU = Debug|Any CPU
		Release|Any CPU = Release|Any CPU
	EndGlobalSection
	GlobalSection(ProjectConfigurationPlatforms) = postSolution
		{5F046B18-4168-4394-87F0-110CC2231631}.Debug|Any CPU.ActiveCfg = Debug|Any CPU
		{5F046B18-4168-4394-87F0-110CC2231631}.Debug|Any CPU.Build.0 = Debug|Any CPU
		{5F046B18-4168-4394-87F0-110CC2231631}.Release|Any CPU.ActiveCfg = Release|Any CPU
		{5F046B18-4168-4394-87F0-110CC2231631}.Release|Any CPU.Build.0 = Release|Any CPU
		{12652178-3637-4531-8F98-7DE0DE3B6E93}.Debug|Any CPU.ActiveCfg = Debug|Any CPU
		{12652178-3637-4531-8F98-7DE0DE3B6E93}.Debug|Any CPU.Build.0 = Debug|Any CPU
		{12652178-3637-4531-8F98-7DE0DE3B6E93}.Release|Any CPU.ActiveCfg = Release|Any CPU
		{12652178-3637-4531-8F98-7DE0DE3B6E93}.Release|Any CPU.Build.0 = Release|Any CPU
		{36700021-F893-451E-A639-67F1534AD37E}.Debug|Any CPU.ActiveCfg = Debug|Any CPU
		{36700021-F893-451E-A639-67F1534AD37E}.Debug|Any CPU.Build.0 = Debug|Any CPU
		{36700021-F893-451E-A639-67F1534AD37E}.Release|Any CPU.ActiveCfg = Release|Any CPU
		{36700021-F893-451E-A639-67F1534AD37E}.Release|Any CPU.Build.0 = Release|Any CPU
		{ED55A066-C946-4014-9325-4BD23D7E4E33}.Debug|Any CPU.ActiveCfg = Debug|Any CPU
		{ED55A066-C946-4014-9325-4BD23D7E4E33}.Debug|Any CPU.Build.0 = Debug|Any CPU
		{ED55A066-C946-4014-9325-4BD23D7E4E33}.Release|Any CPU.ActiveCfg = Release|Any CPU
		{ED55A066-C946-4014-9325-4BD23D7E4E33}.Release|Any CPU.Build.0 = Release|Any CPU
		{C2575B6F-D061-440C-AAA0-08DA7C2BB7A8}.Debug|Any CPU.ActiveCfg = Debug|Any CPU
		{C2575B6F-D061-440C-AAA0-08DA7C2BB7A8}.Debug|Any CPU.Build.0 = Debug|Any CPU
		{C2575B6F-D061-440C-AAA0-08DA7C2BB7A8}.Release|Any CPU.ActiveCfg = Release|Any CPU
		{C2575B6F-D061-440C-AAA0-08DA7C2BB7A8}.Release|Any CPU.Build.0 = Release|Any CPU
	EndGlobalSection
	GlobalSection(SolutionProperties) = preSolution
		HideSolutionNode = FALSE
	EndGlobalSection
	GlobalSection(ExtensibilityGlobals) = postSolution
		SolutionGuid = {ED7203FE-B3C1-47FA-AC98-CA3B73830893}
	EndGlobalSection
EndGlobal
